
Microsoft Visual Studio Solution File, Format Version 12.00
# Visual Studio Version 17
VisualStudioVersion = 17.5.002.0
MinimumVisualStudioVersion = 10.0.40219.1
Project("{9A19103F-16F7-4668-BE54-9A1E7A4F7556}") = "LIVE-ProffCompanyLookup", "LIVE-ProffCompanyLookup.csproj", "{B55647E9-5C0E-468B-B7A3-677B45368CD3}"
EndProject
Global
	GlobalSection(SolutionConfigurationPlatforms) = preSolution
		Debug|Any CPU = Debug|Any CPU
		Release|Any CPU = Release|Any CPU
	EndGlobalSection
	GlobalSection(ProjectConfigurationPlatforms) = postSolution
		{B55647E9-5C0E-468B-B7A3-677B45368CD3}.Debug|Any CPU.ActiveCfg = Debug|Any CPU
		{B55647E9-5C0E-468B-B7A3-677B45368CD3}.Debug|Any CPU.Build.0 = Debug|Any CPU
		{B55647E9-5C0E-468B-B7A3-677B45368CD3}.Release|Any CPU.ActiveCfg = Release|Any CPU
		{B55647E9-5C0E-468B-B7A3-677B45368CD3}.Release|Any CPU.Build.0 = Release|Any CPU
	EndGlobalSection
	GlobalSection(SolutionProperties) = preSolution
		HideSolutionNode = FALSE
	EndGlobalSection
	GlobalSection(ExtensibilityGlobals) = postSolution
		SolutionGuid = {00CDF972-E229-4C21-9377-3E3AB979CA01}
	EndGlobalSection
EndGlobal
